
Microsoft Visual Studio Solution File, Format Version 12.00
# Visual Studio Express 2012 for Windows Desktop
Project("{FAE04EC0-301F-11D3-BF4B-00C04F79EFBC}") = "change_file_name_cs", "change_file_name_cs\change_file_name_cs.csproj", "{1A119F64-5CE4-4E85-9BCB-945CED7A0894}"
EndProject
Global
	GlobalSection(SolutionConfigurationPlatforms) = preSolution
		Debug|Any CPU = Debug|Any CPU
		Release|Any CPU = Release|Any CPU
	EndGlobalSection
	GlobalSection(ProjectConfigurationPlatforms) = postSolution
		{1A119F64-5CE4-4E85-9BCB-945CED7A0894}.Debug|Any CPU.ActiveCfg = Debug|Any CPU
		{1A119F64-5CE4-4E85-9BCB-945CED7A0894}.Debug|Any CPU.Build.0 = Debug|Any CPU
		{1A119F64-5CE4-4E85-9BCB-945CED7A0894}.Release|Any CPU.ActiveCfg = Release|Any CPU
		{1A119F64-5CE4-4E85-9BCB-945CED7A0894}.Release|Any CPU.Build.0 = Release|Any CPU
	EndGlobalSection
	GlobalSection(SolutionProperties) = preSolution
		HideSolutionNode = FALSE
	EndGlobalSection
EndGlobal
